// !$*UTF8*$!
{
	archiveVersion = 1;
	classes = {
	};
	objectVersion = 51;
	objects = {

/* Begin PBXBuildFile section */
		03FA7EEBBF7C70A2ADF9826B /* Pods_Snapchat_Clone.framework in Frameworks */ = {isa = PBXBuildFile; fileRef = B0CC1C672A6FD10F4CD85450 /* Pods_Snapchat_Clone.framework */; };
		D4035DC426351210002CC47C /* UIColorExtension.swift in Sources */ = {isa = PBXBuildFile; fileRef = D4035DC326351210002CC47C /* UIColorExtension.swift */; };
		D4035DC726351533002CC47C /* HomeNavigationBaseViewController.swift in Sources */ = {isa = PBXBuildFile; fileRef = D4035DC626351533002CC47C /* HomeNavigationBaseViewController.swift */; };
		D4171EFA2635E99E009B5EB1 /* CreateAccountViewModelProtocol.swift in Sources */ = {isa = PBXBuildFile; fileRef = D4171EF92635E99E009B5EB1 /* CreateAccountViewModelProtocol.swift */; };
		D4171EFD2635EBC1009B5EB1 /* CreateAccountEventType.swift in Sources */ = {isa = PBXBuildFile; fileRef = D4171EFC2635EBC1009B5EB1 /* CreateAccountEventType.swift */; };
		D4171F002635EC69009B5EB1 /* CreateAccountViewModel.swift in Sources */ = {isa = PBXBuildFile; fileRef = D4171EFF2635EC69009B5EB1 /* CreateAccountViewModel.swift */; };
		D431392E275008F900DDAC81 /* MediaOptionsViewController.swift in Sources */ = {isa = PBXBuildFile; fileRef = D431392D275008F900DDAC81 /* MediaOptionsViewController.swift */; };
		D4313930275075A600DDAC81 /* MediaOptionsViewModel.swift in Sources */ = {isa = PBXBuildFile; fileRef = D431392F275075A600DDAC81 /* MediaOptionsViewModel.swift */; };
		D4313932275075C600DDAC81 /* MediaOptionsViewModelProtocol.swift in Sources */ = {isa = PBXBuildFile; fileRef = D4313931275075C600DDAC81 /* MediaOptionsViewModelProtocol.swift */; };
		D43139342750771B00DDAC81 /* MediaOptionsEventType.swift in Sources */ = {isa = PBXBuildFile; fileRef = D43139332750771B00DDAC81 /* MediaOptionsEventType.swift */; };
		D43139362750781E00DDAC81 /* MediaType.swift in Sources */ = {isa = PBXBuildFile; fileRef = D43139352750781E00DDAC81 /* MediaType.swift */; };
		D45594132751AC1300B83179 /* UserListTableViewController.swift in Sources */ = {isa = PBXBuildFile; fileRef = D45594122751AC1300B83179 /* UserListTableViewController.swift */; };
		D45594152751B48700B83179 /* UserListTableViewModel.swift in Sources */ = {isa = PBXBuildFile; fileRef = D45594142751B48700B83179 /* UserListTableViewModel.swift */; };
		D45594172751B51A00B83179 /* UserListTableViewModelProtocol.swift in Sources */ = {isa = PBXBuildFile; fileRef = D45594162751B51A00B83179 /* UserListTableViewModelProtocol.swift */; };
		D45594192751B77900B83179 /* UserListEventType.swift in Sources */ = {isa = PBXBuildFile; fileRef = D45594182751B77900B83179 /* UserListEventType.swift */; };
		D455941D2753FB4C00B83179 /* MediaService.swift in Sources */ = {isa = PBXBuildFile; fileRef = D455941C2753FB4C00B83179 /* MediaService.swift */; };
		D455941F2753FE6600B83179 /* MediaServiceProtocol.swift in Sources */ = {isa = PBXBuildFile; fileRef = D455941E2753FE6600B83179 /* MediaServiceProtocol.swift */; };
		D45594212754093D00B83179 /* MediaMetadata.swift in Sources */ = {isa = PBXBuildFile; fileRef = D45594202754093D00B83179 /* MediaMetadata.swift */; };
		D4645BB5263A205D002239C1 /* SnapListTabViewController.swift in Sources */ = {isa = PBXBuildFile; fileRef = D4645BB4263A205D002239C1 /* SnapListTabViewController.swift */; };
		D4645BB9263A35AE002239C1 /* StoryCollectionViewCell.swift in Sources */ = {isa = PBXBuildFile; fileRef = D4645BB8263A35AE002239C1 /* StoryCollectionViewCell.swift */; };
		D480B1DC2636521D000A2318 /* EventData.swift in Sources */ = {isa = PBXBuildFile; fileRef = D480B1DB2636521D000A2318 /* EventData.swift */; };
		D480B1E4263653FA000A2318 /* InfoAlertViewModel.swift in Sources */ = {isa = PBXBuildFile; fileRef = D480B1E3263653FA000A2318 /* InfoAlertViewModel.swift */; };
		D480B1E926365ADE000A2318 /* AlertHelper.swift in Sources */ = {isa = PBXBuildFile; fileRef = D480B1E826365ADE000A2318 /* AlertHelper.swift */; };
		D480B1EC263715D2000A2318 /* LoginEventType.swift in Sources */ = {isa = PBXBuildFile; fileRef = D480B1EB263715D2000A2318 /* LoginEventType.swift */; };
		D480B1F0263742CC000A2318 /* HomeViewModelProtocol.swift in Sources */ = {isa = PBXBuildFile; fileRef = D480B1EF263742CC000A2318 /* HomeViewModelProtocol.swift */; };
		D480B1F4263742F9000A2318 /* HomeEventType.swift in Sources */ = {isa = PBXBuildFile; fileRef = D480B1F3263742F9000A2318 /* HomeEventType.swift */; };
		D480B1F72637434E000A2318 /* HomeViewModel.swift in Sources */ = {isa = PBXBuildFile; fileRef = D480B1F62637434E000A2318 /* HomeViewModel.swift */; };
		D480B1FA2637454F000A2318 /* UserAuthenticationServiceProtocol.swift in Sources */ = {isa = PBXBuildFile; fileRef = D480B1F92637454F000A2318 /* UserAuthenticationServiceProtocol.swift */; };
		D4A96053274192F20095E636 /* SnapDetailViewModel.swift in Sources */ = {isa = PBXBuildFile; fileRef = D4A96052274192F20095E636 /* SnapDetailViewModel.swift */; };
		D4A96055274193210095E636 /* SnapDetailViewModelProtocol.swift in Sources */ = {isa = PBXBuildFile; fileRef = D4A96054274193200095E636 /* SnapDetailViewModelProtocol.swift */; };
		D4A96057274194180095E636 /* SnapDetailEvent.swift in Sources */ = {isa = PBXBuildFile; fileRef = D4A96056274194180095E636 /* SnapDetailEvent.swift */; };
		D4B5CD4C2635C30800521FC8 /* UserAuthentication.swift in Sources */ = {isa = PBXBuildFile; fileRef = D4B5CD4A2635C30800521FC8 /* UserAuthentication.swift */; };
		D4B5CD4D2635C30800521FC8 /* UserAuthenticationService.swift in Sources */ = {isa = PBXBuildFile; fileRef = D4B5CD4B2635C30800521FC8 /* UserAuthenticationService.swift */; };
		D4B5CD502635C35200521FC8 /* LoginViewModel.swift in Sources */ = {isa = PBXBuildFile; fileRef = D4B5CD4F2635C35200521FC8 /* LoginViewModel.swift */; };
		D4B5CD532635C43400521FC8 /* Event.swift in Sources */ = {isa = PBXBuildFile; fileRef = D4B5CD522635C43400521FC8 /* Event.swift */; };
		D4B5CD562635C49900521FC8 /* LoginViewModelProtocol.swift in Sources */ = {isa = PBXBuildFile; fileRef = D4B5CD552635C49900521FC8 /* LoginViewModelProtocol.swift */; };
		D4B6574827584F4200EF0596 /* UserItemViewModel.swift in Sources */ = {isa = PBXBuildFile; fileRef = D4B6574727584F4200EF0596 /* UserItemViewModel.swift */; };
		D4B6574C2758EE3E00EF0596 /* AppReporitory.swift in Sources */ = {isa = PBXBuildFile; fileRef = D4B6574B2758EE3E00EF0596 /* AppReporitory.swift */; };
		D4B6574F2759958000EF0596 /* LogUtils.swift in Sources */ = {isa = PBXBuildFile; fileRef = D4B6574E2759958000EF0596 /* LogUtils.swift */; };
		D4B657512759AA1C00EF0596 /* Snap.swift in Sources */ = {isa = PBXBuildFile; fileRef = D4B657502759AA1C00EF0596 /* Snap.swift */; };
		D4B657542759AB1400EF0596 /* SnapRepository.swift in Sources */ = {isa = PBXBuildFile; fileRef = D4B657532759AB1400EF0596 /* SnapRepository.swift */; };
		D4B657562759AB3200EF0596 /* SnapRepositoryProtocol.swift in Sources */ = {isa = PBXBuildFile; fileRef = D4B657552759AB3200EF0596 /* SnapRepositoryProtocol.swift */; };
		D4B9A91C263755B600E83DD4 /* MainTabBarViewController.swift in Sources */ = {isa = PBXBuildFile; fileRef = D4B9A91B263755B600E83DD4 /* MainTabBarViewController.swift */; };
		D4D0955826339B0B008ECAC0 /* AppDelegate.swift in Sources */ = {isa = PBXBuildFile; fileRef = D4D0955726339B0B008ECAC0 /* AppDelegate.swift */; };
		D4D0955A26339B0B008ECAC0 /* SceneDelegate.swift in Sources */ = {isa = PBXBuildFile; fileRef = D4D0955926339B0B008ECAC0 /* SceneDelegate.swift */; };
		D4D0955C26339B0B008ECAC0 /* HomeViewController.swift in Sources */ = {isa = PBXBuildFile; fileRef = D4D0955B26339B0B008ECAC0 /* HomeViewController.swift */; };
		D4D0955F26339B0B008ECAC0 /* Main.storyboard in Resources */ = {isa = PBXBuildFile; fileRef = D4D0955D26339B0B008ECAC0 /* Main.storyboard */; };
		D4D0956126339B0E008ECAC0 /* Assets.xcassets in Resources */ = {isa = PBXBuildFile; fileRef = D4D0956026339B0E008ECAC0 /* Assets.xcassets */; };
		D4D0956426339B0E008ECAC0 /* LaunchScreen.storyboard in Resources */ = {isa = PBXBuildFile; fileRef = D4D0956226339B0E008ECAC0 /* LaunchScreen.storyboard */; };
		D4D095862633AB35008ECAC0 /* CreateAccountViewController.swift in Sources */ = {isa = PBXBuildFile; fileRef = D4D095852633AB35008ECAC0 /* CreateAccountViewController.swift */; };
		D4D0958A2633AB43008ECAC0 /* LoginViewController.swift in Sources */ = {isa = PBXBuildFile; fileRef = D4D095892633AB43008ECAC0 /* LoginViewController.swift */; };
		D4D0958D263484EA008ECAC0 /* RoundButton.swift in Sources */ = {isa = PBXBuildFile; fileRef = D4D0958C263484EA008ECAC0 /* RoundButton.swift */; };
		D4E2012E274B2CAA0020B9B5 /* User.swift in Sources */ = {isa = PBXBuildFile; fileRef = D4E2012D274B2CAA0020B9B5 /* User.swift */; };
		D4E20130274B2EFF0020B9B5 /* UserRepository.swift in Sources */ = {isa = PBXBuildFile; fileRef = D4E2012F274B2EFF0020B9B5 /* UserRepository.swift */; };
		D4E20132274B2F150020B9B5 /* UserRepositoryProtocol.swift in Sources */ = {isa = PBXBuildFile; fileRef = D4E20131274B2F150020B9B5 /* UserRepositoryProtocol.swift */; };
		D4F4ACC42716015C00FF200F /* GoogleService-Info.plist in Resources */ = {isa = PBXBuildFile; fileRef = D4F4ACC32716015C00FF200F /* GoogleService-Info.plist */; };
		D4F4ACC72716197800FF200F /* SnapDetailViewController.swift in Sources */ = {isa = PBXBuildFile; fileRef = D4F4ACC62716197800FF200F /* SnapDetailViewController.swift */; };
		D4F4ACC9271646CD00FF200F /* SnapListEventType.swift in Sources */ = {isa = PBXBuildFile; fileRef = D4F4ACC8271646CD00FF200F /* SnapListEventType.swift */; };
		D4F4ACCB2716481B00FF200F /* SnapListViewModel.swift in Sources */ = {isa = PBXBuildFile; fileRef = D4F4ACCA2716481B00FF200F /* SnapListViewModel.swift */; };
		D4F4ACCD2716485200FF200F /* SnapListViewModelProtocol.swift in Sources */ = {isa = PBXBuildFile; fileRef = D4F4ACCC2716485200FF200F /* SnapListViewModelProtocol.swift */; };
/* End PBXBuildFile section */

/* Begin PBXFileReference section */
		B0CC1C672A6FD10F4CD85450 /* Pods_Snapchat_Clone.framework */ = {isa = PBXFileReference; explicitFileType = wrapper.framework; includeInIndex = 0; path = Pods_Snapchat_Clone.framework; sourceTree = BUILT_PRODUCTS_DIR; };
		BEA98EC79881C2189B0D6358 /* Pods-Snapchat Clone.release.xcconfig */ = {isa = PBXFileReference; includeInIndex = 1; lastKnownFileType = text.xcconfig; name = "Pods-Snapchat Clone.release.xcconfig"; path = "Target Support Files/Pods-Snapchat Clone/Pods-Snapchat Clone.release.xcconfig"; sourceTree = "<group>"; };
		D4035DC326351210002CC47C /* UIColorExtension.swift */ = {isa = PBXFileReference; lastKnownFileType = sourcecode.swift; path = UIColorExtension.swift; sourceTree = "<group>"; };
		D4035DC626351533002CC47C /* HomeNavigationBaseViewController.swift */ = {isa = PBXFileReference; lastKnownFileType = sourcecode.swift; path = HomeNavigationBaseViewController.swift; sourceTree = "<group>"; };
		D4171EF92635E99E009B5EB1 /* CreateAccountViewModelProtocol.swift */ = {isa = PBXFileReference; lastKnownFileType = sourcecode.swift; path = CreateAccountViewModelProtocol.swift; sourceTree = "<group>"; };
		D4171EFC2635EBC1009B5EB1 /* CreateAccountEventType.swift */ = {isa = PBXFileReference; lastKnownFileType = sourcecode.swift; path = CreateAccountEventType.swift; sourceTree = "<group>"; };
		D4171EFF2635EC69009B5EB1 /* CreateAccountViewModel.swift */ = {isa = PBXFileReference; lastKnownFileType = sourcecode.swift; path = CreateAccountViewModel.swift; sourceTree = "<group>"; };
		D431392D275008F900DDAC81 /* MediaOptionsViewController.swift */ = {isa = PBXFileReference; lastKnownFileType = sourcecode.swift; path = MediaOptionsViewController.swift; sourceTree = "<group>"; };
		D431392F275075A600DDAC81 /* MediaOptionsViewModel.swift */ = {isa = PBXFileReference; lastKnownFileType = sourcecode.swift; path = MediaOptionsViewModel.swift; sourceTree = "<group>"; };
		D4313931275075C600DDAC81 /* MediaOptionsViewModelProtocol.swift */ = {isa = PBXFileReference; lastKnownFileType = sourcecode.swift; path = MediaOptionsViewModelProtocol.swift; sourceTree = "<group>"; };
		D43139332750771B00DDAC81 /* MediaOptionsEventType.swift */ = {isa = PBXFileReference; lastKnownFileType = sourcecode.swift; path = MediaOptionsEventType.swift; sourceTree = "<group>"; };
		D43139352750781E00DDAC81 /* MediaType.swift */ = {isa = PBXFileReference; lastKnownFileType = sourcecode.swift; path = MediaType.swift; sourceTree = "<group>"; };
		D45594122751AC1300B83179 /* UserListTableViewController.swift */ = {isa = PBXFileReference; lastKnownFileType = sourcecode.swift; path = UserListTableViewController.swift; sourceTree = "<group>"; };
		D45594142751B48700B83179 /* UserListTableViewModel.swift */ = {isa = PBXFileReference; lastKnownFileType = sourcecode.swift; path = UserListTableViewModel.swift; sourceTree = "<group>"; };
		D45594162751B51A00B83179 /* UserListTableViewModelProtocol.swift */ = {isa = PBXFileReference; lastKnownFileType = sourcecode.swift; path = UserListTableViewModelProtocol.swift; sourceTree = "<group>"; };
		D45594182751B77900B83179 /* UserListEventType.swift */ = {isa = PBXFileReference; lastKnownFileType = sourcecode.swift; path = UserListEventType.swift; sourceTree = "<group>"; };
		D455941C2753FB4C00B83179 /* MediaService.swift */ = {isa = PBXFileReference; lastKnownFileType = sourcecode.swift; path = MediaService.swift; sourceTree = "<group>"; };
		D455941E2753FE6600B83179 /* MediaServiceProtocol.swift */ = {isa = PBXFileReference; lastKnownFileType = sourcecode.swift; path = MediaServiceProtocol.swift; sourceTree = "<group>"; };
		D45594202754093D00B83179 /* MediaMetadata.swift */ = {isa = PBXFileReference; lastKnownFileType = sourcecode.swift; path = MediaMetadata.swift; sourceTree = "<group>"; };
		D4645BB4263A205D002239C1 /* SnapListTabViewController.swift */ = {isa = PBXFileReference; lastKnownFileType = sourcecode.swift; path = SnapListTabViewController.swift; sourceTree = "<group>"; };
		D4645BB8263A35AE002239C1 /* StoryCollectionViewCell.swift */ = {isa = PBXFileReference; lastKnownFileType = sourcecode.swift; path = StoryCollectionViewCell.swift; sourceTree = "<group>"; };
		D480B1DB2636521D000A2318 /* EventData.swift */ = {isa = PBXFileReference; lastKnownFileType = sourcecode.swift; path = EventData.swift; sourceTree = "<group>"; };
		D480B1E3263653FA000A2318 /* InfoAlertViewModel.swift */ = {isa = PBXFileReference; lastKnownFileType = sourcecode.swift; path = InfoAlertViewModel.swift; sourceTree = "<group>"; };
		D480B1E826365ADE000A2318 /* AlertHelper.swift */ = {isa = PBXFileReference; lastKnownFileType = sourcecode.swift; path = AlertHelper.swift; sourceTree = "<group>"; };
		D480B1EB263715D2000A2318 /* LoginEventType.swift */ = {isa = PBXFileReference; lastKnownFileType = sourcecode.swift; path = LoginEventType.swift; sourceTree = "<group>"; };
		D480B1EF263742CC000A2318 /* HomeViewModelProtocol.swift */ = {isa = PBXFileReference; lastKnownFileType = sourcecode.swift; path = HomeViewModelProtocol.swift; sourceTree = "<group>"; };
		D480B1F3263742F9000A2318 /* HomeEventType.swift */ = {isa = PBXFileReference; lastKnownFileType = sourcecode.swift; path = HomeEventType.swift; sourceTree = "<group>"; };
		D480B1F62637434E000A2318 /* HomeViewModel.swift */ = {isa = PBXFileReference; lastKnownFileType = sourcecode.swift; path = HomeViewModel.swift; sourceTree = "<group>"; };
		D480B1F92637454F000A2318 /* UserAuthenticationServiceProtocol.swift */ = {isa = PBXFileReference; lastKnownFileType = sourcecode.swift; path = UserAuthenticationServiceProtocol.swift; sourceTree = "<group>"; };
		D4A96052274192F20095E636 /* SnapDetailViewModel.swift */ = {isa = PBXFileReference; lastKnownFileType = sourcecode.swift; path = SnapDetailViewModel.swift; sourceTree = "<group>"; };
		D4A96054274193200095E636 /* SnapDetailViewModelProtocol.swift */ = {isa = PBXFileReference; lastKnownFileType = sourcecode.swift; path = SnapDetailViewModelProtocol.swift; sourceTree = "<group>"; };
		D4A96056274194180095E636 /* SnapDetailEvent.swift */ = {isa = PBXFileReference; lastKnownFileType = sourcecode.swift; path = SnapDetailEvent.swift; sourceTree = "<group>"; };
		D4B5CD4A2635C30800521FC8 /* UserAuthentication.swift */ = {isa = PBXFileReference; fileEncoding = 4; lastKnownFileType = sourcecode.swift; path = UserAuthentication.swift; sourceTree = "<group>"; };
		D4B5CD4B2635C30800521FC8 /* UserAuthenticationService.swift */ = {isa = PBXFileReference; fileEncoding = 4; lastKnownFileType = sourcecode.swift; path = UserAuthenticationService.swift; sourceTree = "<group>"; };
		D4B5CD4F2635C35200521FC8 /* LoginViewModel.swift */ = {isa = PBXFileReference; lastKnownFileType = sourcecode.swift; path = LoginViewModel.swift; sourceTree = "<group>"; };
		D4B5CD522635C43400521FC8 /* Event.swift */ = {isa = PBXFileReference; lastKnownFileType = sourcecode.swift; path = Event.swift; sourceTree = "<group>"; };
		D4B5CD552635C49900521FC8 /* LoginViewModelProtocol.swift */ = {isa = PBXFileReference; lastKnownFileType = sourcecode.swift; path = LoginViewModelProtocol.swift; sourceTree = "<group>"; };
		D4B6574727584F4200EF0596 /* UserItemViewModel.swift */ = {isa = PBXFileReference; lastKnownFileType = sourcecode.swift; path = UserItemViewModel.swift; sourceTree = "<group>"; };
		D4B6574B2758EE3E00EF0596 /* AppReporitory.swift */ = {isa = PBXFileReference; lastKnownFileType = sourcecode.swift; path = AppReporitory.swift; sourceTree = "<group>"; };
		D4B6574E2759958000EF0596 /* LogUtils.swift */ = {isa = PBXFileReference; lastKnownFileType = sourcecode.swift; path = LogUtils.swift; sourceTree = "<group>"; };
		D4B657502759AA1C00EF0596 /* Snap.swift */ = {isa = PBXFileReference; lastKnownFileType = sourcecode.swift; path = Snap.swift; sourceTree = "<group>"; };
		D4B657532759AB1400EF0596 /* SnapRepository.swift */ = {isa = PBXFileReference; lastKnownFileType = sourcecode.swift; path = SnapRepository.swift; sourceTree = "<group>"; };
		D4B657552759AB3200EF0596 /* SnapRepositoryProtocol.swift */ = {isa = PBXFileReference; lastKnownFileType = sourcecode.swift; path = SnapRepositoryProtocol.swift; sourceTree = "<group>"; };
		D4B9A91B263755B600E83DD4 /* MainTabBarViewController.swift */ = {isa = PBXFileReference; lastKnownFileType = sourcecode.swift; path = MainTabBarViewController.swift; sourceTree = "<group>"; };
		D4D0955426339B0B008ECAC0 /* Snapchat Clone.app */ = {isa = PBXFileReference; explicitFileType = wrapper.application; includeInIndex = 0; path = "Snapchat Clone.app"; sourceTree = BUILT_PRODUCTS_DIR; };
		D4D0955726339B0B008ECAC0 /* AppDelegate.swift */ = {isa = PBXFileReference; lastKnownFileType = sourcecode.swift; path = AppDelegate.swift; sourceTree = "<group>"; };
		D4D0955926339B0B008ECAC0 /* SceneDelegate.swift */ = {isa = PBXFileReference; lastKnownFileType = sourcecode.swift; path = SceneDelegate.swift; sourceTree = "<group>"; };
		D4D0955B26339B0B008ECAC0 /* HomeViewController.swift */ = {isa = PBXFileReference; lastKnownFileType = sourcecode.swift; path = HomeViewController.swift; sourceTree = "<group>"; };
		D4D0955E26339B0B008ECAC0 /* Base */ = {isa = PBXFileReference; lastKnownFileType = file.storyboard; name = Base; path = Base.lproj/Main.storyboard; sourceTree = "<group>"; };
		D4D0956026339B0E008ECAC0 /* Assets.xcassets */ = {isa = PBXFileReference; lastKnownFileType = folder.assetcatalog; path = Assets.xcassets; sourceTree = "<group>"; };
		D4D0956326339B0E008ECAC0 /* Base */ = {isa = PBXFileReference; lastKnownFileType = file.storyboard; name = Base; path = Base.lproj/LaunchScreen.storyboard; sourceTree = "<group>"; };
		D4D0956526339B0E008ECAC0 /* Info.plist */ = {isa = PBXFileReference; lastKnownFileType = text.plist.xml; path = Info.plist; sourceTree = "<group>"; };
		D4D095852633AB35008ECAC0 /* CreateAccountViewController.swift */ = {isa = PBXFileReference; lastKnownFileType = sourcecode.swift; path = CreateAccountViewController.swift; sourceTree = "<group>"; };
		D4D095892633AB43008ECAC0 /* LoginViewController.swift */ = {isa = PBXFileReference; lastKnownFileType = sourcecode.swift; path = LoginViewController.swift; sourceTree = "<group>"; };
		D4D0958C263484EA008ECAC0 /* RoundButton.swift */ = {isa = PBXFileReference; lastKnownFileType = sourcecode.swift; path = RoundButton.swift; sourceTree = "<group>"; };
		D4E2012D274B2CAA0020B9B5 /* User.swift */ = {isa = PBXFileReference; lastKnownFileType = sourcecode.swift; path = User.swift; sourceTree = "<group>"; };
		D4E2012F274B2EFF0020B9B5 /* UserRepository.swift */ = {isa = PBXFileReference; lastKnownFileType = sourcecode.swift; path = UserRepository.swift; sourceTree = "<group>"; };
		D4E20131274B2F150020B9B5 /* UserRepositoryProtocol.swift */ = {isa = PBXFileReference; lastKnownFileType = sourcecode.swift; path = UserRepositoryProtocol.swift; sourceTree = "<group>"; };
		D4F4ACC32716015C00FF200F /* GoogleService-Info.plist */ = {isa = PBXFileReference; fileEncoding = 4; lastKnownFileType = text.plist.xml; path = "GoogleService-Info.plist"; sourceTree = "<group>"; };
		D4F4ACC62716197800FF200F /* SnapDetailViewController.swift */ = {isa = PBXFileReference; lastKnownFileType = sourcecode.swift; path = SnapDetailViewController.swift; sourceTree = "<group>"; };
		D4F4ACC8271646CD00FF200F /* SnapListEventType.swift */ = {isa = PBXFileReference; lastKnownFileType = sourcecode.swift; path = SnapListEventType.swift; sourceTree = "<group>"; };
		D4F4ACCA2716481B00FF200F /* SnapListViewModel.swift */ = {isa = PBXFileReference; lastKnownFileType = sourcecode.swift; path = SnapListViewModel.swift; sourceTree = "<group>"; };
		D4F4ACCC2716485200FF200F /* SnapListViewModelProtocol.swift */ = {isa = PBXFileReference; lastKnownFileType = sourcecode.swift; path = SnapListViewModelProtocol.swift; sourceTree = "<group>"; };
		FF25954C7DCE0D9F01F6EEA7 /* Pods-Snapchat Clone.debug.xcconfig */ = {isa = PBXFileReference; includeInIndex = 1; lastKnownFileType = text.xcconfig; name = "Pods-Snapchat Clone.debug.xcconfig"; path = "Target Support Files/Pods-Snapchat Clone/Pods-Snapchat Clone.debug.xcconfig"; sourceTree = "<group>"; };
/* End PBXFileReference section */

/* Begin PBXFrameworksBuildPhase section */
		D4D0955126339B0B008ECAC0 /* Frameworks */ = {
			isa = PBXFrameworksBuildPhase;
			buildActionMask = 2147483647;
			files = (
				03FA7EEBBF7C70A2ADF9826B /* Pods_Snapchat_Clone.framework in Frameworks */,
			);
			runOnlyForDeploymentPostprocessing = 0;
		};
/* End PBXFrameworksBuildPhase section */

/* Begin PBXGroup section */
		2C32F3E9D263461BC18A06D8 /* Pods */ = {
			isa = PBXGroup;
			children = (
				FF25954C7DCE0D9F01F6EEA7 /* Pods-Snapchat Clone.debug.xcconfig */,
				BEA98EC79881C2189B0D6358 /* Pods-Snapchat Clone.release.xcconfig */,
			);
			path = Pods;
			sourceTree = "<group>";
		};
		3A1922D6A05EE9E67EDA353A /* Frameworks */ = {
			isa = PBXGroup;
			children = (
				B0CC1C672A6FD10F4CD85450 /* Pods_Snapchat_Clone.framework */,
			);
			name = Frameworks;
			sourceTree = "<group>";
		};
		D4171EF82635E977009B5EB1 /* create-account */ = {
			isa = PBXGroup;
			children = (
				D4D095852633AB35008ECAC0 /* CreateAccountViewController.swift */,
				D4171EF92635E99E009B5EB1 /* CreateAccountViewModelProtocol.swift */,
				D4171EFC2635EBC1009B5EB1 /* CreateAccountEventType.swift */,
				D4171EFF2635EC69009B5EB1 /* CreateAccountViewModel.swift */,
			);
			path = "create-account";
			sourceTree = "<group>";
		};
		D431392C275008C900DDAC81 /* media-options */ = {
			isa = PBXGroup;
			children = (
				D431392D275008F900DDAC81 /* MediaOptionsViewController.swift */,
				D431392F275075A600DDAC81 /* MediaOptionsViewModel.swift */,
				D4313931275075C600DDAC81 /* MediaOptionsViewModelProtocol.swift */,
				D43139332750771B00DDAC81 /* MediaOptionsEventType.swift */,
				D43139352750781E00DDAC81 /* MediaType.swift */,
			);
			path = "media-options";
			sourceTree = "<group>";
		};
		D45594112751AB6100B83179 /* user-list */ = {
			isa = PBXGroup;
			children = (
				D45594122751AC1300B83179 /* UserListTableViewController.swift */,
				D45594142751B48700B83179 /* UserListTableViewModel.swift */,
				D45594162751B51A00B83179 /* UserListTableViewModelProtocol.swift */,
				D45594182751B77900B83179 /* UserListEventType.swift */,
				D4B6574727584F4200EF0596 /* UserItemViewModel.swift */,
			);
			path = "user-list";
			sourceTree = "<group>";
		};
		D455941A2753F92600B83179 /* authentication */ = {
			isa = PBXGroup;
			children = (
				D4B5CD4A2635C30800521FC8 /* UserAuthentication.swift */,
				D4B5CD4B2635C30800521FC8 /* UserAuthenticationService.swift */,
				D480B1F92637454F000A2318 /* UserAuthenticationServiceProtocol.swift */,
			);
			path = authentication;
			sourceTree = "<group>";
		};
		D455941B2753FB3100B83179 /* media */ = {
			isa = PBXGroup;
			children = (
				D455941C2753FB4C00B83179 /* MediaService.swift */,
				D455941E2753FE6600B83179 /* MediaServiceProtocol.swift */,
			);
			path = media;
			sourceTree = "<group>";
		};
		D4645BB3263A2036002239C1 /* snap-list-tab */ = {
			isa = PBXGroup;
			children = (
				D4F4ACCC2716485200FF200F /* SnapListViewModelProtocol.swift */,
				D4F4ACCA2716481B00FF200F /* SnapListViewModel.swift */,
				D4F4ACC8271646CD00FF200F /* SnapListEventType.swift */,
				D4645BB4263A205D002239C1 /* SnapListTabViewController.swift */,
				D4645BB8263A35AE002239C1 /* StoryCollectionViewCell.swift */,
			);
			path = "snap-list-tab";
			sourceTree = "<group>";
		};
		D480B1DE263653AB000A2318 /* alert */ = {
			isa = PBXGroup;
			children = (
				D480B1E3263653FA000A2318 /* InfoAlertViewModel.swift */,
				D480B1E826365ADE000A2318 /* AlertHelper.swift */,
			);
			path = alert;
			sourceTree = "<group>";
		};
		D480B1EE263740CF000A2318 /* home */ = {
			isa = PBXGroup;
			children = (
				D4D0955B26339B0B008ECAC0 /* HomeViewController.swift */,
				D4035DC626351533002CC47C /* HomeNavigationBaseViewController.swift */,
				D480B1EF263742CC000A2318 /* HomeViewModelProtocol.swift */,
				D480B1F3263742F9000A2318 /* HomeEventType.swift */,
				D480B1F62637434E000A2318 /* HomeViewModel.swift */,
			);
			path = home;
			sourceTree = "<group>";
		};
		D4B5CD462635C2AB00521FC8 /* login */ = {
			isa = PBXGroup;
			children = (
				D4D095892633AB43008ECAC0 /* LoginViewController.swift */,
				D4B5CD4F2635C35200521FC8 /* LoginViewModel.swift */,
				D4B5CD552635C49900521FC8 /* LoginViewModelProtocol.swift */,
				D480B1EB263715D2000A2318 /* LoginEventType.swift */,
			);
			path = login;
			sourceTree = "<group>";
		};
		D4B5CD492635C2E400521FC8 /* service */ = {
			isa = PBXGroup;
			children = (
				D455941B2753FB3100B83179 /* media */,
				D455941A2753F92600B83179 /* authentication */,
			);
			path = service;
			sourceTree = "<group>";
		};
		D4B657492758EE1C00EF0596 /* user */ = {
			isa = PBXGroup;
			children = (
				D4E2012F274B2EFF0020B9B5 /* UserRepository.swift */,
				D4E20131274B2F150020B9B5 /* UserRepositoryProtocol.swift */,
			);
			path = user;
			sourceTree = "<group>";
		};
		D4B6574A2758EE2C00EF0596 /* app */ = {
			isa = PBXGroup;
			children = (
				D4B6574B2758EE3E00EF0596 /* AppReporitory.swift */,
			);
			path = app;
			sourceTree = "<group>";
		};
		D4B6574D2759956E00EF0596 /* util */ = {
			isa = PBXGroup;
			children = (
				D4B6574E2759958000EF0596 /* LogUtils.swift */,
			);
			path = util;
			sourceTree = "<group>";
		};
		D4B657522759AAFD00EF0596 /* snap */ = {
			isa = PBXGroup;
			children = (
				D4B657532759AB1400EF0596 /* SnapRepository.swift */,
				D4B657552759AB3200EF0596 /* SnapRepositoryProtocol.swift */,
			);
			path = snap;
			sourceTree = "<group>";
		};
		D4B9A9152637555400E83DD4 /* main */ = {
			isa = PBXGroup;
			children = (
				D45594112751AB6100B83179 /* user-list */,
				D431392C275008C900DDAC81 /* media-options */,
				D4F4ACC52716195100FF200F /* snap-detail */,
				D4645BB3263A2036002239C1 /* snap-list-tab */,
				D4B9A91B263755B600E83DD4 /* MainTabBarViewController.swift */,
			);
			path = main;
			sourceTree = "<group>";
		};
		D4D0954B26339B0B008ECAC0 = {
			isa = PBXGroup;
			children = (
				D4D0955626339B0B008ECAC0 /* Snapchat Clone */,
				D4D0955526339B0B008ECAC0 /* Products */,
				2C32F3E9D263461BC18A06D8 /* Pods */,
				3A1922D6A05EE9E67EDA353A /* Frameworks */,
			);
			sourceTree = "<group>";
		};
		D4D0955526339B0B008ECAC0 /* Products */ = {
			isa = PBXGroup;
			children = (
				D4D0955426339B0B008ECAC0 /* Snapchat Clone.app */,
			);
			name = Products;
			sourceTree = "<group>";
		};
		D4D0955626339B0B008ECAC0 /* Snapchat Clone */ = {
			isa = PBXGroup;
			children = (
				D4B6574D2759956E00EF0596 /* util */,
				D4E2012C274B2C950020B9B5 /* model */,
				D4E2012B274B2C8A0020B9B5 /* repository */,
				D4B5CD492635C2E400521FC8 /* service */,
				D4D095842633AAEE008ECAC0 /* controller */,
				D4D0955726339B0B008ECAC0 /* AppDelegate.swift */,
				D4D0955926339B0B008ECAC0 /* SceneDelegate.swift */,
				D4D0955D26339B0B008ECAC0 /* Main.storyboard */,
				D4D0956026339B0E008ECAC0 /* Assets.xcassets */,
				D4D0956226339B0E008ECAC0 /* LaunchScreen.storyboard */,
				D4D0956526339B0E008ECAC0 /* Info.plist */,
				D4F4ACC32716015C00FF200F /* GoogleService-Info.plist */,
				D4D0958C263484EA008ECAC0 /* RoundButton.swift */,
				D4035DC326351210002CC47C /* UIColorExtension.swift */,
			);
			path = "Snapchat Clone";
			sourceTree = "<group>";
		};
		D4D095842633AAEE008ECAC0 /* controller */ = {
			isa = PBXGroup;
			children = (
				D4B9A9152637555400E83DD4 /* main */,
				D480B1EE263740CF000A2318 /* home */,
				D480B1DE263653AB000A2318 /* alert */,
				D4171EF82635E977009B5EB1 /* create-account */,
				D4B5CD462635C2AB00521FC8 /* login */,
				D4B5CD522635C43400521FC8 /* Event.swift */,
				D480B1DB2636521D000A2318 /* EventData.swift */,
			);
			path = controller;
			sourceTree = "<group>";
		};
		D4E2012B274B2C8A0020B9B5 /* repository */ = {
			isa = PBXGroup;
			children = (
				D4B657522759AAFD00EF0596 /* snap */,
				D4B6574A2758EE2C00EF0596 /* app */,
				D4B657492758EE1C00EF0596 /* user */,
			);
			path = repository;
			sourceTree = "<group>";
		};
		D4E2012C274B2C950020B9B5 /* model */ = {
			isa = PBXGroup;
			children = (
				D4E2012D274B2CAA0020B9B5 /* User.swift */,
				D45594202754093D00B83179 /* MediaMetadata.swift */,
				D4B657502759AA1C00EF0596 /* Snap.swift */,
			);
			path = model;
			sourceTree = "<group>";
		};
		D4F4ACC52716195100FF200F /* snap-detail */ = {
			isa = PBXGroup;
			children = (
				D4F4ACC62716197800FF200F /* SnapDetailViewController.swift */,
				D4A96052274192F20095E636 /* SnapDetailViewModel.swift */,
				D4A96054274193200095E636 /* SnapDetailViewModelProtocol.swift */,
				D4A96056274194180095E636 /* SnapDetailEvent.swift */,
			);
			path = "snap-detail";
			sourceTree = "<group>";
		};
/* End PBXGroup section */

/* Begin PBXNativeTarget section */
		D4D0955326339B0B008ECAC0 /* Snapchat Clone */ = {
			isa = PBXNativeTarget;
			buildConfigurationList = D4D0956826339B0E008ECAC0 /* Build configuration list for PBXNativeTarget "Snapchat Clone" */;
			buildPhases = (
				42E2A41A25D8B0A72AEB9CDE /* [CP] Check Pods Manifest.lock */,
				D4D0955026339B0B008ECAC0 /* Sources */,
				D4D0955126339B0B008ECAC0 /* Frameworks */,
				D4D0955226339B0B008ECAC0 /* Resources */,
				A71CB73CEAB2A0888D01E4FE /* [CP] Embed Pods Frameworks */,
			);
			buildRules = (
			);
			dependencies = (
			);
			name = "Snapchat Clone";
			productName = "Snapchat Clone";
			productReference = D4D0955426339B0B008ECAC0 /* Snapchat Clone.app */;
			productType = "com.apple.product-type.application";
		};
/* End PBXNativeTarget section */

/* Begin PBXProject section */
		D4D0954C26339B0B008ECAC0 /* Project object */ = {
			isa = PBXProject;
			attributes = {
				LastSwiftUpdateCheck = 1240;
				LastUpgradeCheck = 1240;
				TargetAttributes = {
					D4D0955326339B0B008ECAC0 = {
						CreatedOnToolsVersion = 12.4;
					};
				};
			};
			buildConfigurationList = D4D0954F26339B0B008ECAC0 /* Build configuration list for PBXProject "Snapchat Clone" */;
			compatibilityVersion = "Xcode 9.3";
			developmentRegion = en;
			hasScannedForEncodings = 0;
			knownRegions = (
				en,
				Base,
			);
			mainGroup = D4D0954B26339B0B008ECAC0;
			productRefGroup = D4D0955526339B0B008ECAC0 /* Products */;
			projectDirPath = "";
			projectRoot = "";
			targets = (
				D4D0955326339B0B008ECAC0 /* Snapchat Clone */,
			);
		};
/* End PBXProject section */

/* Begin PBXResourcesBuildPhase section */
		D4D0955226339B0B008ECAC0 /* Resources */ = {
			isa = PBXResourcesBuildPhase;
			buildActionMask = 2147483647;
			files = (
				D4D0956426339B0E008ECAC0 /* LaunchScreen.storyboard in Resources */,
				D4F4ACC42716015C00FF200F /* GoogleService-Info.plist in Resources */,
				D4D0956126339B0E008ECAC0 /* Assets.xcassets in Resources */,
				D4D0955F26339B0B008ECAC0 /* Main.storyboard in Resources */,
			);
			runOnlyForDeploymentPostprocessing = 0;
		};
/* End PBXResourcesBuildPhase section */

/* Begin PBXShellScriptBuildPhase section */
		42E2A41A25D8B0A72AEB9CDE /* [CP] Check Pods Manifest.lock */ = {
			isa = PBXShellScriptBuildPhase;
			buildActionMask = 2147483647;
			files = (
			);
			inputFileListPaths = (
			);
			inputPaths = (
				"${PODS_PODFILE_DIR_PATH}/Podfile.lock",
				"${PODS_ROOT}/Manifest.lock",
			);
			name = "[CP] Check Pods Manifest.lock";
			outputFileListPaths = (
			);
			outputPaths = (
				"$(DERIVED_FILE_DIR)/Pods-Snapchat Clone-checkManifestLockResult.txt",
			);
			runOnlyForDeploymentPostprocessing = 0;
			shellPath = /bin/sh;
			shellScript = "diff \"${PODS_PODFILE_DIR_PATH}/Podfile.lock\" \"${PODS_ROOT}/Manifest.lock\" > /dev/null\nif [ $? != 0 ] ; then\n    # print error to STDERR\n    echo \"error: The sandbox is not in sync with the Podfile.lock. Run 'pod install' or update your CocoaPods installation.\" >&2\n    exit 1\nfi\n# This output is used by Xcode 'outputs' to avoid re-running this script phase.\necho \"SUCCESS\" > \"${SCRIPT_OUTPUT_FILE_0}\"\n";
			showEnvVarsInLog = 0;
		};
		A71CB73CEAB2A0888D01E4FE /* [CP] Embed Pods Frameworks */ = {
			isa = PBXShellScriptBuildPhase;
			buildActionMask = 2147483647;
			files = (
			);
			inputFileListPaths = (
				"${PODS_ROOT}/Target Support Files/Pods-Snapchat Clone/Pods-Snapchat Clone-frameworks-${CONFIGURATION}-input-files.xcfilelist",
			);
			name = "[CP] Embed Pods Frameworks";
			outputFileListPaths = (
				"${PODS_ROOT}/Target Support Files/Pods-Snapchat Clone/Pods-Snapchat Clone-frameworks-${CONFIGURATION}-output-files.xcfilelist",
			);
			runOnlyForDeploymentPostprocessing = 0;
			shellPath = /bin/sh;
			shellScript = "\"${PODS_ROOT}/Target Support Files/Pods-Snapchat Clone/Pods-Snapchat Clone-frameworks.sh\"\n";
			showEnvVarsInLog = 0;
		};
/* End PBXShellScriptBuildPhase section */

/* Begin PBXSourcesBuildPhase section */
		D4D0955026339B0B008ECAC0 /* Sources */ = {
			isa = PBXSourcesBuildPhase;
			buildActionMask = 2147483647;
			files = (
				D4F4ACC9271646CD00FF200F /* SnapListEventType.swift in Sources */,
				D4D0958D263484EA008ECAC0 /* RoundButton.swift in Sources */,
				D4E20132274B2F150020B9B5 /* UserRepositoryProtocol.swift in Sources */,
				D45594212754093D00B83179 /* MediaMetadata.swift in Sources */,
				D4E20130274B2EFF0020B9B5 /* UserRepository.swift in Sources */,
				D4035DC426351210002CC47C /* UIColorExtension.swift in Sources */,
				D45594172751B51A00B83179 /* UserListTableViewModelProtocol.swift in Sources */,
				D4171EFA2635E99E009B5EB1 /* CreateAccountViewModelProtocol.swift in Sources */,
				D4B6574F2759958000EF0596 /* LogUtils.swift in Sources */,
				D4B657542759AB1400EF0596 /* SnapRepository.swift in Sources */,
				D43139362750781E00DDAC81 /* MediaType.swift in Sources */,
				D4B657512759AA1C00EF0596 /* Snap.swift in Sources */,
				D480B1F0263742CC000A2318 /* HomeViewModelProtocol.swift in Sources */,
				D4A96053274192F20095E636 /* SnapDetailViewModel.swift in Sources */,
				D4313932275075C600DDAC81 /* MediaOptionsViewModelProtocol.swift in Sources */,
				D4B5CD502635C35200521FC8 /* LoginViewModel.swift in Sources */,
				D4313930275075A600DDAC81 /* MediaOptionsViewModel.swift in Sources */,
				D4B9A91C263755B600E83DD4 /* MainTabBarViewController.swift in Sources */,
				D4B6574C2758EE3E00EF0596 /* AppReporitory.swift in Sources */,
				D4645BB9263A35AE002239C1 /* StoryCollectionViewCell.swift in Sources */,
				D480B1F72637434E000A2318 /* HomeViewModel.swift in Sources */,
				D480B1E4263653FA000A2318 /* InfoAlertViewModel.swift in Sources */,
				D4171F002635EC69009B5EB1 /* CreateAccountViewModel.swift in Sources */,
				D4F4ACCB2716481B00FF200F /* SnapListViewModel.swift in Sources */,
				D4E2012E274B2CAA0020B9B5 /* User.swift in Sources */,
				D4B5CD4D2635C30800521FC8 /* UserAuthenticationService.swift in Sources */,
				D4171EFD2635EBC1009B5EB1 /* CreateAccountEventType.swift in Sources */,
				D4A96057274194180095E636 /* SnapDetailEvent.swift in Sources */,
				D45594192751B77900B83179 /* UserListEventType.swift in Sources */,
				D45594132751AC1300B83179 /* UserListTableViewController.swift in Sources */,
				D4D095862633AB35008ECAC0 /* CreateAccountViewController.swift in Sources */,
				D455941D2753FB4C00B83179 /* MediaService.swift in Sources */,
				D480B1E926365ADE000A2318 /* AlertHelper.swift in Sources */,
				D4B657562759AB3200EF0596 /* SnapRepositoryProtocol.swift in Sources */,
				D4B5CD562635C49900521FC8 /* LoginViewModelProtocol.swift in Sources */,
				D4D0955C26339B0B008ECAC0 /* HomeViewController.swift in Sources */,
				D480B1EC263715D2000A2318 /* LoginEventType.swift in Sources */,
				D4F4ACC72716197800FF200F /* SnapDetailViewController.swift in Sources */,
				D4F4ACCD2716485200FF200F /* SnapListViewModelProtocol.swift in Sources */,
				D45594152751B48700B83179 /* UserListTableViewModel.swift in Sources */,
				D4035DC726351533002CC47C /* HomeNavigationBaseViewController.swift in Sources */,
				D4D0955826339B0B008ECAC0 /* AppDelegate.swift in Sources */,
				D4A96055274193210095E636 /* SnapDetailViewModelProtocol.swift in Sources */,
				D4B6574827584F4200EF0596 /* UserItemViewModel.swift in Sources */,
				D480B1DC2636521D000A2318 /* EventData.swift in Sources */,
				D4B5CD4C2635C30800521FC8 /* UserAuthentication.swift in Sources */,
				D431392E275008F900DDAC81 /* MediaOptionsViewController.swift in Sources */,
				D455941F2753FE6600B83179 /* MediaServiceProtocol.swift in Sources */,
				D4B5CD532635C43400521FC8 /* Event.swift in Sources */,
				D480B1FA2637454F000A2318 /* UserAuthenticationServiceProtocol.swift in Sources */,
				D4645BB5263A205D002239C1 /* SnapListTabViewController.swift in Sources */,
				D480B1F4263742F9000A2318 /* HomeEventType.swift in Sources */,
				D4D0958A2633AB43008ECAC0 /* LoginViewController.swift in Sources */,
				D43139342750771B00DDAC81 /* MediaOptionsEventType.swift in Sources */,
				D4D0955A26339B0B008ECAC0 /* SceneDelegate.swift in Sources */,
			);
			runOnlyForDeploymentPostprocessing = 0;
		};
/* End PBXSourcesBuildPhase section */

/* Begin PBXVariantGroup section */
		D4D0955D26339B0B008ECAC0 /* Main.storyboard */ = {
			isa = PBXVariantGroup;
			children = (
				D4D0955E26339B0B008ECAC0 /* Base */,
			);
			name = Main.storyboard;
			sourceTree = "<group>";
		};
		D4D0956226339B0E008ECAC0 /* LaunchScreen.storyboard */ = {
			isa = PBXVariantGroup;
			children = (
				D4D0956326339B0E008ECAC0 /* Base */,
			);
			name = LaunchScreen.storyboard;
			sourceTree = "<group>";
		};
/* End PBXVariantGroup section */

/* Begin XCBuildConfiguration section */
		D4D0956626339B0E008ECAC0 /* Debug */ = {
			isa = XCBuildConfiguration;
			buildSettings = {
				ALWAYS_SEARCH_USER_PATHS = NO;
				CLANG_ANALYZER_NONNULL = YES;
				CLANG_ANALYZER_NUMBER_OBJECT_CONVERSION = YES_AGGRESSIVE;
				CLANG_CXX_LANGUAGE_STANDARD = "gnu++14";
				CLANG_CXX_LIBRARY = "libc++";
				CLANG_ENABLE_MODULES = YES;
				CLANG_ENABLE_OBJC_ARC = YES;
				CLANG_ENABLE_OBJC_WEAK = YES;
				CLANG_WARN_BLOCK_CAPTURE_AUTORELEASING = YES;
				CLANG_WARN_BOOL_CONVERSION = YES;
				CLANG_WARN_COMMA = YES;
				CLANG_WARN_CONSTANT_CONVERSION = YES;
				CLANG_WARN_DEPRECATED_OBJC_IMPLEMENTATIONS = YES;
				CLANG_WARN_DIRECT_OBJC_ISA_USAGE = YES_ERROR;
				CLANG_WARN_DOCUMENTATION_COMMENTS = YES;
				CLANG_WARN_EMPTY_BODY = YES;
				CLANG_WARN_ENUM_CONVERSION = YES;
				CLANG_WARN_INFINITE_RECURSION = YES;
				CLANG_WARN_INT_CONVERSION = YES;
				CLANG_WARN_NON_LITERAL_NULL_CONVERSION = YES;
				CLANG_WARN_OBJC_IMPLICIT_RETAIN_SELF = YES;
				CLANG_WARN_OBJC_LITERAL_CONVERSION = YES;
				CLANG_WARN_OBJC_ROOT_CLASS = YES_ERROR;
				CLANG_WARN_QUOTED_INCLUDE_IN_FRAMEWORK_HEADER = YES;
				CLANG_WARN_RANGE_LOOP_ANALYSIS = YES;
				CLANG_WARN_STRICT_PROTOTYPES = YES;
				CLANG_WARN_SUSPICIOUS_MOVE = YES;
				CLANG_WARN_UNGUARDED_AVAILABILITY = YES_AGGRESSIVE;
				CLANG_WARN_UNREACHABLE_CODE = YES;
				CLANG_WARN__DUPLICATE_METHOD_MATCH = YES;
				COPY_PHASE_STRIP = NO;
				DEBUG_INFORMATION_FORMAT = dwarf;
				ENABLE_STRICT_OBJC_MSGSEND = YES;
				ENABLE_TESTABILITY = YES;
				GCC_C_LANGUAGE_STANDARD = gnu11;
				GCC_DYNAMIC_NO_PIC = NO;
				GCC_NO_COMMON_BLOCKS = YES;
				GCC_OPTIMIZATION_LEVEL = 0;
				GCC_PREPROCESSOR_DEFINITIONS = (
					"DEBUG=1",
					"$(inherited)",
				);
				GCC_WARN_64_TO_32_BIT_CONVERSION = YES;
				GCC_WARN_ABOUT_RETURN_TYPE = YES_ERROR;
				GCC_WARN_UNDECLARED_SELECTOR = YES;
				GCC_WARN_UNINITIALIZED_AUTOS = YES_AGGRESSIVE;
				GCC_WARN_UNUSED_FUNCTION = YES;
				GCC_WARN_UNUSED_VARIABLE = YES;
				IPHONEOS_DEPLOYMENT_TARGET = 14.4;
				MTL_ENABLE_DEBUG_INFO = INCLUDE_SOURCE;
				MTL_FAST_MATH = YES;
				ONLY_ACTIVE_ARCH = YES;
				SDKROOT = iphoneos;
				SWIFT_ACTIVE_COMPILATION_CONDITIONS = DEBUG;
				SWIFT_OPTIMIZATION_LEVEL = "-Onone";
			};
			name = Debug;
		};
		D4D0956726339B0E008ECAC0 /* Release */ = {
			isa = XCBuildConfiguration;
			buildSettings = {
				ALWAYS_SEARCH_USER_PATHS = NO;
				CLANG_ANALYZER_NONNULL = YES;
				CLANG_ANALYZER_NUMBER_OBJECT_CONVERSION = YES_AGGRESSIVE;
				CLANG_CXX_LANGUAGE_STANDARD = "gnu++14";
				CLANG_CXX_LIBRARY = "libc++";
				CLANG_ENABLE_MODULES = YES;
				CLANG_ENABLE_OBJC_ARC = YES;
				CLANG_ENABLE_OBJC_WEAK = YES;
				CLANG_WARN_BLOCK_CAPTURE_AUTORELEASING = YES;
				CLANG_WARN_BOOL_CONVERSION = YES;
				CLANG_WARN_COMMA = YES;
				CLANG_WARN_CONSTANT_CONVERSION = YES;
				CLANG_WARN_DEPRECATED_OBJC_IMPLEMENTATIONS = YES;
				CLANG_WARN_DIRECT_OBJC_ISA_USAGE = YES_ERROR;
				CLANG_WARN_DOCUMENTATION_COMMENTS = YES;
				CLANG_WARN_EMPTY_BODY = YES;
				CLANG_WARN_ENUM_CONVERSION = YES;
				CLANG_WARN_INFINITE_RECURSION = YES;
				CLANG_WARN_INT_CONVERSION = YES;
				CLANG_WARN_NON_LITERAL_NULL_CONVERSION = YES;
				CLANG_WARN_OBJC_IMPLICIT_RETAIN_SELF = YES;
				CLANG_WARN_OBJC_LITERAL_CONVERSION = YES;
				CLANG_WARN_OBJC_ROOT_CLASS = YES_ERROR;
				CLANG_WARN_QUOTED_INCLUDE_IN_FRAMEWORK_HEADER = YES;
				CLANG_WARN_RANGE_LOOP_ANALYSIS = YES;
				CLANG_WARN_STRICT_PROTOTYPES = YES;
				CLANG_WARN_SUSPICIOUS_MOVE = YES;
				CLANG_WARN_UNGUARDED_AVAILABILITY = YES_AGGRESSIVE;
				CLANG_WARN_UNREACHABLE_CODE = YES;
				CLANG_WARN__DUPLICATE_METHOD_MATCH = YES;
				COPY_PHASE_STRIP = NO;
				DEBUG_INFORMATION_FORMAT = "dwarf-with-dsym";
				ENABLE_NS_ASSERTIONS = NO;
				ENABLE_STRICT_OBJC_MSGSEND = YES;
				GCC_C_LANGUAGE_STANDARD = gnu11;
				GCC_NO_COMMON_BLOCKS = YES;
				GCC_WARN_64_TO_32_BIT_CONVERSION = YES;
				GCC_WARN_ABOUT_RETURN_TYPE = YES_ERROR;
				GCC_WARN_UNDECLARED_SELECTOR = YES;
				GCC_WARN_UNINITIALIZED_AUTOS = YES_AGGRESSIVE;
				GCC_WARN_UNUSED_FUNCTION = YES;
				GCC_WARN_UNUSED_VARIABLE = YES;
				IPHONEOS_DEPLOYMENT_TARGET = 14.4;
				MTL_ENABLE_DEBUG_INFO = NO;
				MTL_FAST_MATH = YES;
				SDKROOT = iphoneos;
				SWIFT_COMPILATION_MODE = wholemodule;
				SWIFT_OPTIMIZATION_LEVEL = "-O";
				VALIDATE_PRODUCT = YES;
			};
			name = Release;
		};
		D4D0956926339B0E008ECAC0 /* Debug */ = {
			isa = XCBuildConfiguration;
			baseConfigurationReference = FF25954C7DCE0D9F01F6EEA7 /* Pods-Snapchat Clone.debug.xcconfig */;
			buildSettings = {
				ASSETCATALOG_COMPILER_APPICON_NAME = AppIcon;
				ASSETCATALOG_COMPILER_GLOBAL_ACCENT_COLOR_NAME = AccentColor;
				CODE_SIGN_STYLE = Automatic;
				DEVELOPMENT_TEAM = DS78P94X2F;
				INFOPLIST_FILE = "Snapchat Clone/Info.plist";
				LD_RUNPATH_SEARCH_PATHS = (
					"$(inherited)",
					"@executable_path/Frameworks",
				);
				PRODUCT_BUNDLE_IDENTIFIER = "Curso-IOS.Snapchat-Clone";
				PRODUCT_NAME = "$(TARGET_NAME)";
				SWIFT_VERSION = 5.0;
				TARGETED_DEVICE_FAMILY = "1,2";
			};
			name = Debug;
		};
		D4D0956A26339B0E008ECAC0 /* Release */ = {
			isa = XCBuildConfiguration;
			baseConfigurationReference = BEA98EC79881C2189B0D6358 /* Pods-Snapchat Clone.release.xcconfig */;
			buildSettings = {
				ASSETCATALOG_COMPILER_APPICON_NAME = AppIcon;
				ASSETCATALOG_COMPILER_GLOBAL_ACCENT_COLOR_NAME = AccentColor;
				CODE_SIGN_STYLE = Automatic;
				DEVELOPMENT_TEAM = DS78P94X2F;
				INFOPLIST_FILE = "Snapchat Clone/Info.plist";
				LD_RUNPATH_SEARCH_PATHS = (
					"$(inherited)",
					"@executable_path/Frameworks",
				);
				PRODUCT_BUNDLE_IDENTIFIER = "Curso-IOS.Snapchat-Clone";
				PRODUCT_NAME = "$(TARGET_NAME)";
				SWIFT_VERSION = 5.0;
				TARGETED_DEVICE_FAMILY = "1,2";
			};
			name = Release;
		};
/* End XCBuildConfiguration section */

/* Begin XCConfigurationList section */
		D4D0954F26339B0B008ECAC0 /* Build configuration list for PBXProject "Snapchat Clone" */ = {
			isa = XCConfigurationList;
			buildConfigurations = (
				D4D0956626339B0E008ECAC0 /* Debug */,
				D4D0956726339B0E008ECAC0 /* Release */,
			);
			defaultConfigurationIsVisible = 0;
			defaultConfigurationName = Release;
		};
		D4D0956826339B0E008ECAC0 /* Build configuration list for PBXNativeTarget "Snapchat Clone" */ = {
			isa = XCConfigurationList;
			buildConfigurations = (
				D4D0956926339B0E008ECAC0 /* Debug */,
				D4D0956A26339B0E008ECAC0 /* Release */,
			);
			defaultConfigurationIsVisible = 0;
			defaultConfigurationName = Release;
		};
/* End XCConfigurationList section */
	};
	rootObject = D4D0954C26339B0B008ECAC0 /* Project object */;
}
