// !$*UTF8*$!
{
	archiveVersion = 1;
	classes = {
	};
	objectVersion = 50;
	objects = {

/* Begin PBXBuildFile section */
		D4D0955826339B0B008ECAC0 /* AppDelegate.swift in Sources */ = {isa = PBXBuildFile; fileRef = D4D0955726339B0B008ECAC0 /* AppDelegate.swift */; };
		D4D0955A26339B0B008ECAC0 /* SceneDelegate.swift in Sources */ = {isa = PBXBuildFile; fileRef = D4D0955926339B0B008ECAC0 /* SceneDelegate.swift */; };
		D4D0955C26339B0B008ECAC0 /* ViewController.swift in Sources */ = {isa = PBXBuildFile; fileRef = D4D0955B26339B0B008ECAC0 /* ViewController.swift */; };
		D4D0955F26339B0B008ECAC0 /* Main.storyboard in Resources */ = {isa = PBXBuildFile; fileRef = D4D0955D26339B0B008ECAC0 /* Main.storyboard */; };
		D4D0956126339B0E008ECAC0 /* Assets.xcassets in Resources */ = {isa = PBXBuildFile; fileRef = D4D0956026339B0E008ECAC0 /* Assets.xcassets */; };
		D4D0956426339B0E008ECAC0 /* LaunchScreen.storyboard in Resources */ = {isa = PBXBuildFile; fileRef = D4D0956226339B0E008ECAC0 /* LaunchScreen.storyboard */; };
		D4D0956D26339CB6008ECAC0 /* GoogleService-Info.plist in Resources */ = {isa = PBXBuildFile; fileRef = D4D0956C26339CB6008ECAC0 /* GoogleService-Info.plist */; };
/* End PBXBuildFile section */

/* Begin PBXFileReference section */
		D4D0955426339B0B008ECAC0 /* Snapchat Clone.app */ = {isa = PBXFileReference; explicitFileType = wrapper.application; includeInIndex = 0; path = "Snapchat Clone.app"; sourceTree = BUILT_PRODUCTS_DIR; };
		D4D0955726339B0B008ECAC0 /* AppDelegate.swift */ = {isa = PBXFileReference; lastKnownFileType = sourcecode.swift; path = AppDelegate.swift; sourceTree = "<group>"; };
		D4D0955926339B0B008ECAC0 /* SceneDelegate.swift */ = {isa = PBXFileReference; lastKnownFileType = sourcecode.swift; path = SceneDelegate.swift; sourceTree = "<group>"; };
		D4D0955B26339B0B008ECAC0 /* ViewController.swift */ = {isa = PBXFileReference; lastKnownFileType = sourcecode.swift; path = ViewController.swift; sourceTree = "<group>"; };
		D4D0955E26339B0B008ECAC0 /* Base */ = {isa = PBXFileReference; lastKnownFileType = file.storyboard; name = Base; path = Base.lproj/Main.storyboard; sourceTree = "<group>"; };
		D4D0956026339B0E008ECAC0 /* Assets.xcassets */ = {isa = PBXFileReference; lastKnownFileType = folder.assetcatalog; path = Assets.xcassets; sourceTree = "<group>"; };
		D4D0956326339B0E008ECAC0 /* Base */ = {isa = PBXFileReference; lastKnownFileType = file.storyboard; name = Base; path = Base.lproj/LaunchScreen.storyboard; sourceTree = "<group>"; };
		D4D0956526339B0E008ECAC0 /* Info.plist */ = {isa = PBXFileReference; lastKnownFileType = text.plist.xml; path = Info.plist; sourceTree = "<group>"; };
		D4D0956C26339CB6008ECAC0 /* GoogleService-Info.plist */ = {isa = PBXFileReference; fileEncoding = 4; lastKnownFileType = text.plist.xml; path = "GoogleService-Info.plist"; sourceTree = "<group>"; };
/* End PBXFileReference section */

/* Begin PBXFrameworksBuildPhase section */
		D4D0955126339B0B008ECAC0 /* Frameworks */ = {
			isa = PBXFrameworksBuildPhase;
			buildActionMask = 2147483647;
			files = (
			);
			runOnlyForDeploymentPostprocessing = 0;
		};
/* End PBXFrameworksBuildPhase section */

/* Begin PBXGroup section */
		D4D0954B26339B0B008ECAC0 = {
			isa = PBXGroup;
			children = (
				D4D0955626339B0B008ECAC0 /* Snapchat Clone */,
				D4D0955526339B0B008ECAC0 /* Products */,
			);
			sourceTree = "<group>";
		};
		D4D0955526339B0B008ECAC0 /* Products */ = {
			isa = PBXGroup;
			children = (
				D4D0955426339B0B008ECAC0 /* Snapchat Clone.app */,
			);
			name = Products;
			sourceTree = "<group>";
		};
		D4D0955626339B0B008ECAC0 /* Snapchat Clone */ = {
			isa = PBXGroup;
			children = (
				D4D0955726339B0B008ECAC0 /* AppDelegate.swift */,
				D4D0955926339B0B008ECAC0 /* SceneDelegate.swift */,
				D4D0955B26339B0B008ECAC0 /* ViewController.swift */,
				D4D0955D26339B0B008ECAC0 /* Main.storyboard */,
				D4D0956026339B0E008ECAC0 /* Assets.xcassets */,
				D4D0956226339B0E008ECAC0 /* LaunchScreen.storyboard */,
				D4D0956526339B0E008ECAC0 /* Info.plist */,
				D4D0956C26339CB6008ECAC0 /* GoogleService-Info.plist */,
			);
			path = "Snapchat Clone";
			sourceTree = "<group>";
		};
/* End PBXGroup section */

/* Begin PBXNativeTarget section */
		D4D0955326339B0B008ECAC0 /* Snapchat Clone */ = {
			isa = PBXNativeTarget;
			buildConfigurationList = D4D0956826339B0E008ECAC0 /* Build configuration list for PBXNativeTarget "Snapchat Clone" */;
			buildPhases = (
				D4D0955026339B0B008ECAC0 /* Sources */,
				D4D0955126339B0B008ECAC0 /* Frameworks */,
				D4D0955226339B0B008ECAC0 /* Resources */,
			);
			buildRules = (
			);
			dependencies = (
			);
			name = "Snapchat Clone";
			productName = "Snapchat Clone";
			productReference = D4D0955426339B0B008ECAC0 /* Snapchat Clone.app */;
			productType = "com.apple.product-type.application";
		};
/* End PBXNativeTarget section */

/* Begin PBXProject section */
		D4D0954C26339B0B008ECAC0 /* Project object */ = {
			isa = PBXProject;
			attributes = {
				LastSwiftUpdateCheck = 1240;
				LastUpgradeCheck = 1240;
				TargetAttributes = {
					D4D0955326339B0B008ECAC0 = {
						CreatedOnToolsVersion = 12.4;
					};
				};
			};
			buildConfigurationList = D4D0954F26339B0B008ECAC0 /* Build configuration list for PBXProject "Snapchat Clone" */;
			compatibilityVersion = "Xcode 9.3";
			developmentRegion = en;
			hasScannedForEncodings = 0;
			knownRegions = (
				en,
				Base,
			);
			mainGroup = D4D0954B26339B0B008ECAC0;
			productRefGroup = D4D0955526339B0B008ECAC0 /* Products */;
			projectDirPath = "";
			projectRoot = "";
			targets = (
				D4D0955326339B0B008ECAC0 /* Snapchat Clone */,
			);
		};
/* End PBXProject section */

/* Begin PBXResourcesBuildPhase section */
		D4D0955226339B0B008ECAC0 /* Resources */ = {
			isa = PBXResourcesBuildPhase;
			buildActionMask = 2147483647;
			files = (
				D4D0956426339B0E008ECAC0 /* LaunchScreen.storyboard in Resources */,
				D4D0956126339B0E008ECAC0 /* Assets.xcassets in Resources */,
				D4D0955F26339B0B008ECAC0 /* Main.storyboard in Resources */,
				D4D0956D26339CB6008ECAC0 /* GoogleService-Info.plist in Resources */,
			);
			runOnlyForDeploymentPostprocessing = 0;
		};
/* End PBXResourcesBuildPhase section */

/* Begin PBXSourcesBuildPhase section */
		D4D0955026339B0B008ECAC0 /* Sources */ = {
			isa = PBXSourcesBuildPhase;
			buildActionMask = 2147483647;
			files = (
				D4D0955C26339B0B008ECAC0 /* ViewController.swift in Sources */,
				D4D0955826339B0B008ECAC0 /* AppDelegate.swift in Sources */,
				D4D0955A26339B0B008ECAC0 /* SceneDelegate.swift in Sources */,
			);
			runOnlyForDeploymentPostprocessing = 0;
		};
/* End PBXSourcesBuildPhase section */

/* Begin PBXVariantGroup section */
		D4D0955D26339B0B008ECAC0 /* Main.storyboard */ = {
			isa = PBXVariantGroup;
			children = (
				D4D0955E26339B0B008ECAC0 /* Base */,
			);
			name = Main.storyboard;
			sourceTree = "<group>";
		};
		D4D0956226339B0E008ECAC0 /* LaunchScreen.storyboard */ = {
			isa = PBXVariantGroup;
			children = (
				D4D0956326339B0E008ECAC0 /* Base */,
			);
			name = LaunchScreen.storyboard;
			sourceTree = "<group>";
		};
/* End PBXVariantGroup section */

/* Begin XCBuildConfiguration section */
		D4D0956626339B0E008ECAC0 /* Debug */ = {
			isa = XCBuildConfiguration;
			buildSettings = {
				ALWAYS_SEARCH_USER_PATHS = NO;
				CLANG_ANALYZER_NONNULL = YES;
				CLANG_ANALYZER_NUMBER_OBJECT_CONVERSION = YES_AGGRESSIVE;
				CLANG_CXX_LANGUAGE_STANDARD = "gnu++14";
				CLANG_CXX_LIBRARY = "libc++";
				CLANG_ENABLE_MODULES = YES;
				CLANG_ENABLE_OBJC_ARC = YES;
				CLANG_ENABLE_OBJC_WEAK = YES;
				CLANG_WARN_BLOCK_CAPTURE_AUTORELEASING = YES;
				CLANG_WARN_BOOL_CONVERSION = YES;
				CLANG_WARN_COMMA = YES;
				CLANG_WARN_CONSTANT_CONVERSION = YES;
				CLANG_WARN_DEPRECATED_OBJC_IMPLEMENTATIONS = YES;
				CLANG_WARN_DIRECT_OBJC_ISA_USAGE = YES_ERROR;
				CLANG_WARN_DOCUMENTATION_COMMENTS = YES;
				CLANG_WARN_EMPTY_BODY = YES;
				CLANG_WARN_ENUM_CONVERSION = YES;
				CLANG_WARN_INFINITE_RECURSION = YES;
				CLANG_WARN_INT_CONVERSION = YES;
				CLANG_WARN_NON_LITERAL_NULL_CONVERSION = YES;
				CLANG_WARN_OBJC_IMPLICIT_RETAIN_SELF = YES;
				CLANG_WARN_OBJC_LITERAL_CONVERSION = YES;
				CLANG_WARN_OBJC_ROOT_CLASS = YES_ERROR;
				CLANG_WARN_QUOTED_INCLUDE_IN_FRAMEWORK_HEADER = YES;
				CLANG_WARN_RANGE_LOOP_ANALYSIS = YES;
				CLANG_WARN_STRICT_PROTOTYPES = YES;
				CLANG_WARN_SUSPICIOUS_MOVE = YES;
				CLANG_WARN_UNGUARDED_AVAILABILITY = YES_AGGRESSIVE;
				CLANG_WARN_UNREACHABLE_CODE = YES;
				CLANG_WARN__DUPLICATE_METHOD_MATCH = YES;
				COPY_PHASE_STRIP = NO;
				DEBUG_INFORMATION_FORMAT = dwarf;
				ENABLE_STRICT_OBJC_MSGSEND = YES;
				ENABLE_TESTABILITY = YES;
				GCC_C_LANGUAGE_STANDARD = gnu11;
				GCC_DYNAMIC_NO_PIC = NO;
				GCC_NO_COMMON_BLOCKS = YES;
				GCC_OPTIMIZATION_LEVEL = 0;
				GCC_PREPROCESSOR_DEFINITIONS = (
					"DEBUG=1",
					"$(inherited)",
				);
				GCC_WARN_64_TO_32_BIT_CONVERSION = YES;
				GCC_WARN_ABOUT_RETURN_TYPE = YES_ERROR;
				GCC_WARN_UNDECLARED_SELECTOR = YES;
				GCC_WARN_UNINITIALIZED_AUTOS = YES_AGGRESSIVE;
				GCC_WARN_UNUSED_FUNCTION = YES;
				GCC_WARN_UNUSED_VARIABLE = YES;
				IPHONEOS_DEPLOYMENT_TARGET = 14.4;
				MTL_ENABLE_DEBUG_INFO = INCLUDE_SOURCE;
				MTL_FAST_MATH = YES;
				ONLY_ACTIVE_ARCH = YES;
				SDKROOT = iphoneos;
				SWIFT_ACTIVE_COMPILATION_CONDITIONS = DEBUG;
				SWIFT_OPTIMIZATION_LEVEL = "-Onone";
			};
			name = Debug;
		};
		D4D0956726339B0E008ECAC0 /* Release */ = {
			isa = XCBuildConfiguration;
			buildSettings = {
				ALWAYS_SEARCH_USER_PATHS = NO;
				CLANG_ANALYZER_NONNULL = YES;
				CLANG_ANALYZER_NUMBER_OBJECT_CONVERSION = YES_AGGRESSIVE;
				CLANG_CXX_LANGUAGE_STANDARD = "gnu++14";
				CLANG_CXX_LIBRARY = "libc++";
				CLANG_ENABLE_MODULES = YES;
				CLANG_ENABLE_OBJC_ARC = YES;
				CLANG_ENABLE_OBJC_WEAK = YES;
				CLANG_WARN_BLOCK_CAPTURE_AUTORELEASING = YES;
				CLANG_WARN_BOOL_CONVERSION = YES;
				CLANG_WARN_COMMA = YES;
				CLANG_WARN_CONSTANT_CONVERSION = YES;
				CLANG_WARN_DEPRECATED_OBJC_IMPLEMENTATIONS = YES;
				CLANG_WARN_DIRECT_OBJC_ISA_USAGE = YES_ERROR;
				CLANG_WARN_DOCUMENTATION_COMMENTS = YES;
				CLANG_WARN_EMPTY_BODY = YES;
				CLANG_WARN_ENUM_CONVERSION = YES;
				CLANG_WARN_INFINITE_RECURSION = YES;
				CLANG_WARN_INT_CONVERSION = YES;
				CLANG_WARN_NON_LITERAL_NULL_CONVERSION = YES;
				CLANG_WARN_OBJC_IMPLICIT_RETAIN_SELF = YES;
				CLANG_WARN_OBJC_LITERAL_CONVERSION = YES;
				CLANG_WARN_OBJC_ROOT_CLASS = YES_ERROR;
				CLANG_WARN_QUOTED_INCLUDE_IN_FRAMEWORK_HEADER = YES;
				CLANG_WARN_RANGE_LOOP_ANALYSIS = YES;
				CLANG_WARN_STRICT_PROTOTYPES = YES;
				CLANG_WARN_SUSPICIOUS_MOVE = YES;
				CLANG_WARN_UNGUARDED_AVAILABILITY = YES_AGGRESSIVE;
				CLANG_WARN_UNREACHABLE_CODE = YES;
				CLANG_WARN__DUPLICATE_METHOD_MATCH = YES;
				COPY_PHASE_STRIP = NO;
				DEBUG_INFORMATION_FORMAT = "dwarf-with-dsym";
				ENABLE_NS_ASSERTIONS = NO;
				ENABLE_STRICT_OBJC_MSGSEND = YES;
				GCC_C_LANGUAGE_STANDARD = gnu11;
				GCC_NO_COMMON_BLOCKS = YES;
				GCC_WARN_64_TO_32_BIT_CONVERSION = YES;
				GCC_WARN_ABOUT_RETURN_TYPE = YES_ERROR;
				GCC_WARN_UNDECLARED_SELECTOR = YES;
				GCC_WARN_UNINITIALIZED_AUTOS = YES_AGGRESSIVE;
				GCC_WARN_UNUSED_FUNCTION = YES;
				GCC_WARN_UNUSED_VARIABLE = YES;
				IPHONEOS_DEPLOYMENT_TARGET = 14.4;
				MTL_ENABLE_DEBUG_INFO = NO;
				MTL_FAST_MATH = YES;
				SDKROOT = iphoneos;
				SWIFT_COMPILATION_MODE = wholemodule;
				SWIFT_OPTIMIZATION_LEVEL = "-O";
				VALIDATE_PRODUCT = YES;
			};
			name = Release;
		};
		D4D0956926339B0E008ECAC0 /* Debug */ = {
			isa = XCBuildConfiguration;
			buildSettings = {
				ASSETCATALOG_COMPILER_APPICON_NAME = AppIcon;
				ASSETCATALOG_COMPILER_GLOBAL_ACCENT_COLOR_NAME = AccentColor;
				CODE_SIGN_STYLE = Automatic;
				INFOPLIST_FILE = "Snapchat Clone/Info.plist";
				LD_RUNPATH_SEARCH_PATHS = (
					"$(inherited)",
					"@executable_path/Frameworks",
				);
				PRODUCT_BUNDLE_IDENTIFIER = "Curso-IOS.Snapchat-Clone";
				PRODUCT_NAME = "$(TARGET_NAME)";
				SWIFT_VERSION = 5.0;
				TARGETED_DEVICE_FAMILY = "1,2";
			};
			name = Debug;
		};
		D4D0956A26339B0E008ECAC0 /* Release */ = {
			isa = XCBuildConfiguration;
			buildSettings = {
				ASSETCATALOG_COMPILER_APPICON_NAME = AppIcon;
				ASSETCATALOG_COMPILER_GLOBAL_ACCENT_COLOR_NAME = AccentColor;
				CODE_SIGN_STYLE = Automatic;
				INFOPLIST_FILE = "Snapchat Clone/Info.plist";
				LD_RUNPATH_SEARCH_PATHS = (
					"$(inherited)",
					"@executable_path/Frameworks",
				);
				PRODUCT_BUNDLE_IDENTIFIER = "Curso-IOS.Snapchat-Clone";
				PRODUCT_NAME = "$(TARGET_NAME)";
				SWIFT_VERSION = 5.0;
				TARGETED_DEVICE_FAMILY = "1,2";
			};
			name = Release;
		};
/* End XCBuildConfiguration section */

/* Begin XCConfigurationList section */
		D4D0954F26339B0B008ECAC0 /* Build configuration list for PBXProject "Snapchat Clone" */ = {
			isa = XCConfigurationList;
			buildConfigurations = (
				D4D0956626339B0E008ECAC0 /* Debug */,
				D4D0956726339B0E008ECAC0 /* Release */,
			);
			defaultConfigurationIsVisible = 0;
			defaultConfigurationName = Release;
		};
		D4D0956826339B0E008ECAC0 /* Build configuration list for PBXNativeTarget "Snapchat Clone" */ = {
			isa = XCConfigurationList;
			buildConfigurations = (
				D4D0956926339B0E008ECAC0 /* Debug */,
				D4D0956A26339B0E008ECAC0 /* Release */,
			);
			defaultConfigurationIsVisible = 0;
			defaultConfigurationName = Release;
		};
/* End XCConfigurationList section */
	};
	rootObject = D4D0954C26339B0B008ECAC0 /* Project object */;
}
